
Microsoft Visual Studio Solution File, Format Version 12.00
# Visual Studio Version 16
VisualStudioVersion = 16.0.33529.622
MinimumVisualStudioVersion = 10.0.40219.1
Project("{E24C65DC-7377-472B-9ABA-BC803B73C61A}") = "WebGitHub99", "WebGitHub99\", "{1967A93F-5781-47CA-A664-0EFF6095E907}"
	ProjectSection(WebsiteProperties) = preProject
		TargetFrameworkMoniker = ".NETFramework,Version%3Dv4.0"
		Debug.AspNetCompiler.VirtualPath = "/localhost_50116"
		Debug.AspNetCompiler.PhysicalPath = "..\..\..\Pictures\WebGitHub99\"
		Debug.AspNetCompiler.TargetPath = "PrecompiledWeb\localhost_50116\"
		Debug.AspNetCompiler.Updateable = "true"
		Debug.AspNetCompiler.ForceOverwrite = "true"
		Debug.AspNetCompiler.FixedNames = "false"
		Debug.AspNetCompiler.Debug = "True"
		Release.AspNetCompiler.VirtualPath = "/localhost_50116"
		Release.AspNetCompiler.PhysicalPath = "..\..\..\Pictures\WebGitHub99\"
		Release.AspNetCompiler.TargetPath = "PrecompiledWeb\localhost_50116\"
		Release.AspNetCompiler.Updateable = "true"
		Release.AspNetCompiler.ForceOverwrite = "true"
		Release.AspNetCompiler.FixedNames = "false"
		Release.AspNetCompiler.Debug = "False"
		VWDPort = "50116"
	EndProjectSection
EndProject
Global
	GlobalSection(SolutionConfigurationPlatforms) = preSolution
		Debug|Any CPU = Debug|Any CPU
	EndGlobalSection
	GlobalSection(ProjectConfigurationPlatforms) = postSolution
		{1967A93F-5781-47CA-A664-0EFF6095E907}.Debug|Any CPU.ActiveCfg = Debug|Any CPU
		{1967A93F-5781-47CA-A664-0EFF6095E907}.Debug|Any CPU.Build.0 = Debug|Any CPU
	EndGlobalSection
	GlobalSection(SolutionProperties) = preSolution
		HideSolutionNode = FALSE
	EndGlobalSection
	GlobalSection(ExtensibilityGlobals) = postSolution
		SolutionGuid = {C3AAE82E-41D3-4230-93E3-6CBEE7F2C912}
	EndGlobalSection
EndGlobal
